
Microsoft Visual Studio Solution File, Format Version 12.00
# Visual Studio 15
VisualStudioVersion = 15.0.27428.2015
MinimumVisualStudioVersion = 10.0.40219.1
Project("{FAE04EC0-301F-11D3-BF4B-00C04F79EFBC}") = "RestrauntReviewer0", "RestrauntReviewer0\RestrauntReviewer0.csproj", "{983969EE-3051-4B8F-ACF4-E6B2D412CFFB}"
EndProject
Project("{FAE04EC0-301F-11D3-BF4B-00C04F79EFBC}") = "RestarauntReviewerLibrary", "RestarauntReviewerLibrary\RestarauntReviewerLibrary.csproj", "{CD6B24A9-F8EA-4B0D-9E79-4737EC9EEAE2}"
EndProject
Project("{FAE04EC0-301F-11D3-BF4B-00C04F79EFBC}") = "RestaurauntReviewerTest", "RestaurauntReviewerTest\RestaurauntReviewerTest.csproj", "{ADF9A760-E0E8-4816-9717-358E664B230A}"
EndProject
Project("{FAE04EC0-301F-11D3-BF4B-00C04F79EFBC}") = "RestaurauntReviewerDataAccess", "RestaurauntReviewerDataAccess\RestaurauntReviewerDataAccess.csproj", "{D7050043-F7F6-447A-8499-663B4724A500}"
EndProject
Project("{2150E333-8FDC-42A3-9474-1A3956D46DE8}") = "Solution Items", "Solution Items", "{AE0AA7CC-8A17-4BA6-A2A1-21D43F320241}"
	ProjectSection(SolutionItems) = preProject
		RestarauntReviewerLibrary\ResturauntList.json = RestarauntReviewerLibrary\ResturauntList.json
	EndProjectSection
EndProject
Global
	GlobalSection(SolutionConfigurationPlatforms) = preSolution
		Debug|Any CPU = Debug|Any CPU
		Release|Any CPU = Release|Any CPU
	EndGlobalSection
	GlobalSection(ProjectConfigurationPlatforms) = postSolution
		{983969EE-3051-4B8F-ACF4-E6B2D412CFFB}.Debug|Any CPU.ActiveCfg = Debug|Any CPU
		{983969EE-3051-4B8F-ACF4-E6B2D412CFFB}.Debug|Any CPU.Build.0 = Debug|Any CPU
		{983969EE-3051-4B8F-ACF4-E6B2D412CFFB}.Release|Any CPU.ActiveCfg = Release|Any CPU
		{983969EE-3051-4B8F-ACF4-E6B2D412CFFB}.Release|Any CPU.Build.0 = Release|Any CPU
		{CD6B24A9-F8EA-4B0D-9E79-4737EC9EEAE2}.Debug|Any CPU.ActiveCfg = Debug|Any CPU
		{CD6B24A9-F8EA-4B0D-9E79-4737EC9EEAE2}.Debug|Any CPU.Build.0 = Debug|Any CPU
		{CD6B24A9-F8EA-4B0D-9E79-4737EC9EEAE2}.Release|Any CPU.ActiveCfg = Release|Any CPU
		{CD6B24A9-F8EA-4B0D-9E79-4737EC9EEAE2}.Release|Any CPU.Build.0 = Release|Any CPU
		{ADF9A760-E0E8-4816-9717-358E664B230A}.Debug|Any CPU.ActiveCfg = Debug|Any CPU
		{ADF9A760-E0E8-4816-9717-358E664B230A}.Debug|Any CPU.Build.0 = Debug|Any CPU
		{ADF9A760-E0E8-4816-9717-358E664B230A}.Release|Any CPU.ActiveCfg = Release|Any CPU
		{ADF9A760-E0E8-4816-9717-358E664B230A}.Release|Any CPU.Build.0 = Release|Any CPU
		{D7050043-F7F6-447A-8499-663B4724A500}.Debug|Any CPU.ActiveCfg = Debug|Any CPU
		{D7050043-F7F6-447A-8499-663B4724A500}.Debug|Any CPU.Build.0 = Debug|Any CPU
		{D7050043-F7F6-447A-8499-663B4724A500}.Release|Any CPU.ActiveCfg = Release|Any CPU
		{D7050043-F7F6-447A-8499-663B4724A500}.Release|Any CPU.Build.0 = Release|Any CPU
	EndGlobalSection
	GlobalSection(SolutionProperties) = preSolution
		HideSolutionNode = FALSE
	EndGlobalSection
	GlobalSection(ExtensibilityGlobals) = postSolution
		SolutionGuid = {795D6A8A-FC0E-4A20-ABC3-7629E77D6161}
	EndGlobalSection
EndGlobal
